
Microsoft Visual Studio Solution File, Format Version 12.00
# Visual Studio Version 17
VisualStudioVersion = 17.12.35521.163 d17.12
MinimumVisualStudioVersion = 10.0.40219.1
Project("{F184B08F-C81C-45F6-A57F-5ABD9991F28F}") = "December_POC2", "December_POC2.vbproj", "{9AA8D8A2-D95B-4DB0-87F2-FBF1348A271F}"
EndProject
Global
	GlobalSection(SolutionConfigurationPlatforms) = preSolution
		Debug|Any CPU = Debug|Any CPU
		Release|Any CPU = Release|Any CPU
	EndGlobalSection
	GlobalSection(ProjectConfigurationPlatforms) = postSolution
		{9AA8D8A2-D95B-4DB0-87F2-FBF1348A271F}.Debug|Any CPU.ActiveCfg = Debug|Any CPU
		{9AA8D8A2-D95B-4DB0-87F2-FBF1348A271F}.Debug|Any CPU.Build.0 = Debug|Any CPU
		{9AA8D8A2-D95B-4DB0-87F2-FBF1348A271F}.Release|Any CPU.ActiveCfg = Release|Any CPU
		{9AA8D8A2-D95B-4DB0-87F2-FBF1348A271F}.Release|Any CPU.Build.0 = Release|Any CPU
	EndGlobalSection
	GlobalSection(SolutionProperties) = preSolution
		HideSolutionNode = FALSE
	EndGlobalSection
EndGlobal
